
Microsoft Visual Studio Solution File, Format Version 12.00
Project("{FAE04EC0-301F-11D3-BF4B-00C04F79EFBC}") = "MonoClient", "MonoClient\MonoClient.csproj", "{2A15EA5A-63E7-4015-AAF5-9132C7FF5F6D}"
	ProjectSection(ProjectDependencies) = postProject
		{EC4CE7F1-D9A5-4683-A544-FFF4D0BCC997} = {EC4CE7F1-D9A5-4683-A544-FFF4D0BCC997}
	EndProjectSection
EndProject
Project("{FAE04EC0-301F-11D3-BF4B-00C04F79EFBC}") = "CustomContentPipeline", "CustomContentPipeline\CustomContentPipeline.csproj", "{EC4CE7F1-D9A5-4683-A544-FFF4D0BCC997}"
EndProject
Project("{FAE04EC0-301F-11D3-BF4B-00C04F79EFBC}") = "Common", "Common\Common.csproj", "{7C334904-592F-484C-9677-F8EC6EE85A15}"
EndProject
Project("{FAE04EC0-301F-11D3-BF4B-00C04F79EFBC}") = "MonoClient.UiLib", "MonoClient.UiLib\MonoClient.UiLib.csproj", "{ECD5DBCA-99D6-4B8E-954A-9E95D33E2BE8}"
EndProject
Global
	GlobalSection(SolutionConfigurationPlatforms) = preSolution
		Debug|Any CPU = Debug|Any CPU
		Release|Any CPU = Release|Any CPU
	EndGlobalSection
	GlobalSection(ProjectConfigurationPlatforms) = postSolution
		{2A15EA5A-63E7-4015-AAF5-9132C7FF5F6D}.Debug|Any CPU.ActiveCfg = Debug|Any CPU
		{2A15EA5A-63E7-4015-AAF5-9132C7FF5F6D}.Debug|Any CPU.Build.0 = Debug|Any CPU
		{2A15EA5A-63E7-4015-AAF5-9132C7FF5F6D}.Release|Any CPU.ActiveCfg = Release|Any CPU
		{2A15EA5A-63E7-4015-AAF5-9132C7FF5F6D}.Release|Any CPU.Build.0 = Release|Any CPU
		{EC4CE7F1-D9A5-4683-A544-FFF4D0BCC997}.Debug|Any CPU.ActiveCfg = Debug|Any CPU
		{EC4CE7F1-D9A5-4683-A544-FFF4D0BCC997}.Debug|Any CPU.Build.0 = Debug|Any CPU
		{EC4CE7F1-D9A5-4683-A544-FFF4D0BCC997}.Release|Any CPU.ActiveCfg = Release|Any CPU
		{EC4CE7F1-D9A5-4683-A544-FFF4D0BCC997}.Release|Any CPU.Build.0 = Release|Any CPU
		{7C334904-592F-484C-9677-F8EC6EE85A15}.Debug|Any CPU.ActiveCfg = Debug|Any CPU
		{7C334904-592F-484C-9677-F8EC6EE85A15}.Debug|Any CPU.Build.0 = Debug|Any CPU
		{7C334904-592F-484C-9677-F8EC6EE85A15}.Release|Any CPU.ActiveCfg = Release|Any CPU
		{7C334904-592F-484C-9677-F8EC6EE85A15}.Release|Any CPU.Build.0 = Release|Any CPU
		{ECD5DBCA-99D6-4B8E-954A-9E95D33E2BE8}.Debug|Any CPU.ActiveCfg = Debug|Any CPU
		{ECD5DBCA-99D6-4B8E-954A-9E95D33E2BE8}.Debug|Any CPU.Build.0 = Debug|Any CPU
		{ECD5DBCA-99D6-4B8E-954A-9E95D33E2BE8}.Release|Any CPU.ActiveCfg = Release|Any CPU
		{ECD5DBCA-99D6-4B8E-954A-9E95D33E2BE8}.Release|Any CPU.Build.0 = Release|Any CPU
	EndGlobalSection
EndGlobal
